Microsoft Visual Studio Solution File, Format Version 12.00
# Visual Studio Version 17
VisualStudioVersion = 17.0.31912.275
MinimumVisualStudioVersion = 10.0.40219.1
Project("{FAE04EC0-301F-11D3-BF4B-00C04F79EFBC}") = "Abs.Ssms.TabColoring", "src\Abs.Ssms.TabColoring\Abs.Ssms.TabColoring.csproj", "{D0B93583-3E8C-4F7C-9C8F-0B9A63D84B33}"
EndProject
Project("{82B43B9B-A64C-4715-B499-D71E9CA2BD60}") = "Abs.Ssms.TabColoring.Vsix", "src\Abs.Ssms.TabColoring.Vsix\Abs.Ssms.TabColoring.Vsix.vsixproj", "{7F1E3F8B-7D5D-4E9E-9B8F-BAE2E5E6C9A1}"
EndProject
Global
	GlobalSection(SolutionConfigurationPlatforms) = preSolution
		Debug|Any CPU = Debug|Any CPU
		Release|Any CPU = Release|Any CPU
	EndGlobalSection
	GlobalSection(ProjectConfigurationPlatforms) = postSolution
		{D0B93583-3E8C-4F7C-9C8F-0B9A63D84B33}.Release|Any CPU.ActiveCfg = Release|Any CPU
		{D0B93583-3E8C-4F7C-9C8F-0B9A63D84B33}.Release|Any CPU.Build.0 = Release|Any CPU
	EndGlobalSection
    GlobalSection(ProjectConfigurationPlatforms) = postSolution
        {7F1E3F8B-7D5D-4E9E-9B8F-BAE2E5E6C9A1}.Release|Any CPU.ActiveCfg = Release|Any CPU
        {7F1E3F8B-7D5D-4E9E-9B8F-BAE2E5E6C9A1}.Release|Any CPU.Build.0 = Release|Any CPU
	EndGlobalSection
EndGlobal

